
Microsoft Visual Studio Solution File, Format Version 12.00
# Visual Studio Version 16
VisualStudioVersion = 16.0.30011.22
MinimumVisualStudioVersion = 10.0.40219.1
Project("{FAE04EC0-301F-11D3-BF4B-00C04F79EFBC}") = "WebApplication2", "WebApplication2\WebApplication2.csproj", "{6963BA35-5EB7-4EAE-A917-15FF4402C5E3}"
EndProject
Global
	GlobalSection(SolutionConfigurationPlatforms) = preSolution
		Debug|Any CPU = Debug|Any CPU
		Release|Any CPU = Release|Any CPU
	EndGlobalSection
	GlobalSection(ProjectConfigurationPlatforms) = postSolution
		{6963BA35-5EB7-4EAE-A917-15FF4402C5E3}.Debug|Any CPU.ActiveCfg = Debug|Any CPU
		{6963BA35-5EB7-4EAE-A917-15FF4402C5E3}.Debug|Any CPU.Build.0 = Debug|Any CPU
		{6963BA35-5EB7-4EAE-A917-15FF4402C5E3}.Release|Any CPU.ActiveCfg = Release|Any CPU
		{6963BA35-5EB7-4EAE-A917-15FF4402C5E3}.Release|Any CPU.Build.0 = Release|Any CPU
	EndGlobalSection
	GlobalSection(SolutionProperties) = preSolution
		HideSolutionNode = FALSE
	EndGlobalSection
	GlobalSection(ExtensibilityGlobals) = postSolution
		SolutionGuid = {14F444B5-6796-44D7-9FB4-4B32B3966D66}
	EndGlobalSection
EndGlobal
